
Microsoft Visual Studio Solution File, Format Version 12.00
# Visual Studio Version 17
VisualStudioVersion = 17.3.32922.545
MinimumVisualStudioVersion = 10.0.40219.1
Project("{FAE04EC0-301F-11D3-BF4B-00C04F79EFBC}") = "TemplateFromPDF", "TemplateFromPDF.csproj", "{D96FF981-B548-41A9-BA6A-10C5EAE0CFCD}"
EndProject
Global
	GlobalSection(SolutionConfigurationPlatforms) = preSolution
		Debug|Any CPU = Debug|Any CPU
		Release|Any CPU = Release|Any CPU
	EndGlobalSection
	GlobalSection(ProjectConfigurationPlatforms) = postSolution
		{D96FF981-B548-41A9-BA6A-10C5EAE0CFCD}.Debug|Any CPU.ActiveCfg = Debug|Any CPU
		{D96FF981-B548-41A9-BA6A-10C5EAE0CFCD}.Debug|Any CPU.Build.0 = Debug|Any CPU
		{D96FF981-B548-41A9-BA6A-10C5EAE0CFCD}.Release|Any CPU.ActiveCfg = Release|Any CPU
		{D96FF981-B548-41A9-BA6A-10C5EAE0CFCD}.Release|Any CPU.Build.0 = Release|Any CPU
	EndGlobalSection
	GlobalSection(SolutionProperties) = preSolution
		HideSolutionNode = FALSE
	EndGlobalSection
	GlobalSection(ExtensibilityGlobals) = postSolution
		SolutionGuid = {B83414E6-5D7D-43B9-B4EC-D46D0389F47C}
	EndGlobalSection
EndGlobal
